{
  "name": "domohomeserver",
  "version": "1.0.0",
  "lockfileVersion": 1,
  "requires": true,
  "dependencies": {
    "@types/body-parser": {
      "version": "1.17.1",
      "resolved": "https://artifactory-cwfr1.rd.francetelecom.fr:443/artifactory/api/npm/npm-virt-orange-project-devops/@types/body-parser/-/body-parser-1.17.1.tgz",
      "integrity": "sha1-GPz2F2j7XDDMxQjCHW/S6LO/eJc=",
      "requires": {
        "@types/connect": "*",
        "@types/node": "*"
      }
    },
    "@types/connect": {
      "version": "3.4.32",
      "resolved": "https://artifactory-cwfr1.rd.francetelecom.fr:443/artifactory/api/npm/npm-virt-orange-project-devops/@types/connect/-/connect-3.4.32.tgz",
      "integrity": "sha1-qg6WFrlDXMrQK8UrW0VP/Cxwuig=",
      "requires": {
        "@types/node": "*"
      }
    },
    "@types/cors": {
      "version": "2.8.6",
      "resolved": "https://artifactory-cwfr1.rd.francetelecom.fr:443/artifactory/api/npm/npm-virt-orange-project-devops/@types/cors/-/cors-2.8.6.tgz",
      "integrity": "sha1-z6qzPEnBWx3tMvI1ERzpEjAJvQI=",
      "requires": {
        "@types/express": "*"
      }
    },
    "@types/express": {
      "version": "4.17.1",
      "resolved": "https://artifactory-cwfr1.rd.francetelecom.fr:443/artifactory/api/npm/npm-virt-orange-project-devops/@types/express/-/express-4.17.1.tgz",
      "integrity": "sha1-TPeEmuO0cSWlZ9/uGL/KQlS4jFw=",
      "requires": {
        "@types/body-parser": "*",
        "@types/express-serve-static-core": "*",
        "@types/serve-static": "*"
      }
    },
    "@types/express-serve-static-core": {
      "version": "4.16.9",
      "resolved": "https://artifactory-cwfr1.rd.francetelecom.fr:443/artifactory/api/npm/npm-virt-orange-project-devops/@types/express-serve-static-core/-/express-serve-static-core-4.16.9.tgz",
      "integrity": "sha1-aeAGQ7CBmwJL3t6VztP/I5u1RVg=",
      "requires": {
        "@types/node": "*",
        "@types/range-parser": "*"
      }
    },
    "@types/helmet": {
      "version": "0.0.44",
      "resolved": "https://artifactory-cwfr1.rd.francetelecom.fr:443/artifactory/api/npm/npm-virt-orange-project-devops/@types/helmet/-/helmet-0.0.44.tgz",
      "integrity": "sha1-y97ZUwp8TYqRY/x+AX8IkqzRu4E=",
      "requires": {
        "@types/express": "*"
      }
    },
    "@types/mime": {
      "version": "2.0.1",
      "resolved": "https://artifactory-cwfr1.rd.francetelecom.fr:443/artifactory/api/npm/npm-virt-orange-project-devops/@types/mime/-/mime-2.0.1.tgz",
      "integrity": "sha1-3EiIQjEqfwdRSTEpBbXjwLBUx50="
    },
    "@types/node": {
      "version": "12.7.2",
      "resolved": "https://artifactory-cwfr1.rd.francetelecom.fr:443/artifactory/api/npm/npm-virt-orange-project-devops/@types/node/-/node-12.7.2.tgz",
      "integrity": "sha1-xOY69eiCPOnMPws097mYwhcfDEQ="
    },
    "@types/node-schedule": {
      "version": "1.3.1",
      "resolved": "https://registry.npmjs.org/@types/node-schedule/-/node-schedule-1.3.1.tgz",
      "integrity": "sha512-xAY/ZATrThUkMElSDfOk+5uXprCrV6c6GQ5gTw3U04qPS6NofE1dhOUW+yrOF2UyrUiAax/Zc4WtagrbPAN3Tw==",
      "requires": {
        "@types/node": "*"
      }
    },
    "@types/range-parser": {
      "version": "1.2.3",
      "resolved": "https://artifactory-cwfr1.rd.francetelecom.fr:443/artifactory/api/npm/npm-virt-orange-project-devops/@types/range-parser/-/range-parser-1.2.3.tgz",
      "integrity": "sha1-fuMwunyq+5gJC+zoal7kQRWQTCw="
    },
    "@types/serve-static": {
      "version": "1.13.3",
      "resolved": "https://artifactory-cwfr1.rd.francetelecom.fr:443/artifactory/api/npm/npm-virt-orange-project-devops/@types/serve-static/-/serve-static-1.13.3.tgz",
      "integrity": "sha1-634cQcRGgnJVfol+kXHe1eLe2dE=",
      "requires": {
        "@types/express-serve-static-core": "*",
        "@types/mime": "*"
      }
    },
    "accepts": {
      "version": "1.3.7",
      "resolved": "https://artifactory-cwfr1.rd.francetelecom.fr:443/artifactory/api/npm/npm-virt-orange-project-devops/accepts/-/accepts-1.3.7.tgz",
      "integrity": "sha1-UxvHJlF6OytB+FACHGzBXqq1B80=",
      "requires": {
        "mime-types": "~2.1.24",
        "negotiator": "0.6.2"
      }
    },
    "arg": {
      "version": "4.1.1",
      "resolved": "https://artifactory-cwfr1.rd.francetelecom.fr:443/artifactory/api/npm/npm-virt-orange-project-devops/arg/-/arg-4.1.1.tgz",
      "integrity": "sha1-SF+OfDkM5MX3glfb6oDUvhH+2kw="
    },
    "array-flatten": {
      "version": "1.1.1",
      "resolved": "https://artifactory-cwfr1.rd.francetelecom.fr:443/artifactory/api/npm/npm-virt-orange-project-devops/array-flatten/-/array-flatten-1.1.1.tgz",
      "integrity": "sha1-ml9pkFGx5wczKPKgCJaLZOopVdI="
    },
    "body-parser": {
      "version": "1.19.0",
      "resolved": "https://artifactory-cwfr1.rd.francetelecom.fr:443/artifactory/api/npm/npm-virt-orange-project-devops/body-parser/-/body-parser-1.19.0.tgz",
      "integrity": "sha1-lrJwnlfJxOCab9Zqj9l5hE9p8Io=",
      "requires": {
        "bytes": "3.1.0",
        "content-type": "~1.0.4",
        "debug": "2.6.9",
        "depd": "~1.1.2",
        "http-errors": "1.7.2",
        "iconv-lite": "0.4.24",
        "on-finished": "~2.3.0",
        "qs": "6.7.0",
        "raw-body": "2.4.0",
        "type-is": "~1.6.17"
      },
      "dependencies": {
        "http-errors": {
          "version": "1.7.2",
          "resolved": "https://artifactory-cwfr1.rd.francetelecom.fr:443/artifactory/api/npm/npm-virt-orange-project-devops/http-errors/-/http-errors-1.7.2.tgz",
          "integrity": "sha1-T1ApzxMjnzEDblsuVSkrz7zIXI8=",
          "requires": {
            "depd": "~1.1.2",
            "inherits": "2.0.3",
            "setprototypeof": "1.1.1",
            "statuses": ">= 1.5.0 < 2",
            "toidentifier": "1.0.0"
          }
        },
        "qs": {
          "version": "6.7.0",
          "resolved": "https://artifactory-cwfr1.rd.francetelecom.fr:443/artifactory/api/npm/npm-virt-orange-project-devops/qs/-/qs-6.7.0.tgz",
          "integrity": "sha1-QdwaAV49WB8WIXdr4xr7KHapsbw="
        },
        "setprototypeof": {
          "version": "1.1.1",
          "resolved": "https://artifactory-cwfr1.rd.francetelecom.fr:443/artifactory/api/npm/npm-virt-orange-project-devops/setprototypeof/-/setprototypeof-1.1.1.tgz",
          "integrity": "sha1-fpWsskqpL1iF4KvvW6ExMw1K5oM="
        },
        "statuses": {
          "version": "1.5.0",
          "resolved": "https://artifactory-cwfr1.rd.francetelecom.fr:443/artifactory/api/npm/npm-virt-orange-project-devops/statuses/-/statuses-1.5.0.tgz",
          "integrity": "sha1-Fhx9rBd2Wf2YEfQ3cfqZOBR4Yow="
        }
      }
    },
    "bowser": {
      "version": "2.5.3",
      "resolved": "https://artifactory-cwfr1.rd.francetelecom.fr:443/artifactory/api/npm/npm-virt-orange-project-devops/bowser/-/bowser-2.5.3.tgz",
      "integrity": "sha1-gRsKJCGcVmyaarNAK8ihPzWhipY="
    },
    "buffer-from": {
      "version": "1.1.1",
      "resolved": "https://artifactory-cwfr1.rd.francetelecom.fr:443/artifactory/api/npm/npm-virt-orange-project-devops/buffer-from/-/buffer-from-1.1.1.tgz",
      "integrity": "sha1-MnE7wCj3XAL9txDXx7zsHyxgcO8="
    },
    "bytes": {
      "version": "3.1.0",
      "resolved": "https://artifactory-cwfr1.rd.francetelecom.fr:443/artifactory/api/npm/npm-virt-orange-project-devops/bytes/-/bytes-3.1.0.tgz",
      "integrity": "sha1-9s95M6Ng4FiPqf3oVlHNx/gF0fY="
    },
    "call-bind": {
      "version": "1.0.0",
      "resolved": "https://registry.npmjs.org/call-bind/-/call-bind-1.0.0.tgz",
      "integrity": "sha512-AEXsYIyyDY3MCzbwdhzG3Jx1R0J2wetQyUynn6dYHAO+bg8l1k7jwZtRv4ryryFs7EP+NDlikJlVe59jr0cM2w==",
      "requires": {
        "function-bind": "^1.1.1",
        "get-intrinsic": "^1.0.0"
      }
    },
    "camelize": {
      "version": "1.0.0",
      "resolved": "https://artifactory-cwfr1.rd.francetelecom.fr:443/artifactory/api/npm/npm-virt-orange-project-devops/camelize/-/camelize-1.0.0.tgz",
      "integrity": "sha1-FkpUg+Yw+kMh5a8HAg5TGDGyYJs="
    },
    "content-disposition": {
      "version": "0.5.2",
      "resolved": "https://artifactory-cwfr1.rd.francetelecom.fr:443/artifactory/api/npm/npm-virt-orange-project-devops/content-disposition/-/content-disposition-0.5.2.tgz",
      "integrity": "sha1-DPaLud318r55YcOoUXjLhdunjLQ="
    },
    "content-security-policy-builder": {
      "version": "2.1.0",
      "resolved": "https://artifactory-cwfr1.rd.francetelecom.fr:443/artifactory/api/npm/npm-virt-orange-project-devops/content-security-policy-builder/-/content-security-policy-builder-2.1.0.tgz",
      "integrity": "sha1-CiNk12mj1wFO7Hn/dpmATeuM/Ls="
    },
    "content-type": {
      "version": "1.0.4",
      "resolved": "https://artifactory-cwfr1.rd.francetelecom.fr:443/artifactory/api/npm/npm-virt-orange-project-devops/content-type/-/content-type-1.0.4.tgz",
      "integrity": "sha1-4TjMdeBAxyexlm/l5fjJruJW/js="
    },
    "cookie": {
      "version": "0.3.1",
      "resolved": "https://artifactory-cwfr1.rd.francetelecom.fr:443/artifactory/api/npm/npm-virt-orange-project-devops/cookie/-/cookie-0.3.1.tgz",
      "integrity": "sha1-5+Ch+e9DtMi6klxcWpboBtFoc7s="
    },
    "cookie-signature": {
      "version": "1.0.6",
      "resolved": "https://artifactory-cwfr1.rd.francetelecom.fr:443/artifactory/api/npm/npm-virt-orange-project-devops/cookie-signature/-/cookie-signature-1.0.6.tgz",
      "integrity": "sha1-4wOogrNCzD7oylE6eZmXNNqzriw="
    },
    "cors": {
      "version": "2.8.5",
      "resolved": "https://artifactory-cwfr1.rd.francetelecom.fr:443/artifactory/api/npm/npm-virt-orange-project-devops/cors/-/cors-2.8.5.tgz",
      "integrity": "sha1-6sEdpRWS3Ya58G9uesKTs9+HXSk=",
      "requires": {
        "object-assign": "^4",
        "vary": "^1"
      }
    },
    "cron-parser": {
      "version": "2.18.0",
      "resolved": "https://registry.npmjs.org/cron-parser/-/cron-parser-2.18.0.tgz",
      "integrity": "sha512-s4odpheTyydAbTBQepsqd2rNWGa2iV3cyo8g7zbI2QQYGLVsfbhmwukayS1XHppe02Oy1fg7mg6xoaraVJeEcg==",
      "requires": {
        "is-nan": "^1.3.0",
        "moment-timezone": "^0.5.31"
      }
    },
    "dasherize": {
      "version": "2.0.0",
      "resolved": "https://artifactory-cwfr1.rd.francetelecom.fr:443/artifactory/api/npm/npm-virt-orange-project-devops/dasherize/-/dasherize-2.0.0.tgz",
      "integrity": "sha1-bYCcnNDPe7iVLYD8hPoT1H3bEwg="
    },
    "debug": {
      "version": "2.6.9",
      "resolved": "https://artifactory-cwfr1.rd.francetelecom.fr:443/artifactory/api/npm/npm-virt-orange-project-devops/debug/-/debug-2.6.9.tgz",
      "integrity": "sha1-XRKFFd8TT/Mn6QpMk/Tgd6U2NB8=",
      "requires": {
        "ms": "2.0.0"
      }
    },
    "define-properties": {
      "version": "1.1.3",
      "resolved": "https://registry.npmjs.org/define-properties/-/define-properties-1.1.3.tgz",
      "integrity": "sha512-3MqfYKj2lLzdMSf8ZIZE/V+Zuy+BgD6f164e8K2w7dgnpKArBDerGYpM46IYYcjnkdPNMjPk9A6VFB8+3SKlXQ==",
      "requires": {
        "object-keys": "^1.0.12"
      }
    },
    "depd": {
      "version": "1.1.2",
      "resolved": "https://artifactory-cwfr1.rd.francetelecom.fr:443/artifactory/api/npm/npm-virt-orange-project-devops/depd/-/depd-1.1.2.tgz",
      "integrity": "sha1-m81S4UwJd2PnSbJ0xDRu0uVgtak="
    },
    "destroy": {
      "version": "1.0.4",
      "resolved": "https://artifactory-cwfr1.rd.francetelecom.fr:443/artifactory/api/npm/npm-virt-orange-project-devops/destroy/-/destroy-1.0.4.tgz",
      "integrity": "sha1-l4hXRCxEdJ5CBmE+N5RiBYJqvYA="
    },
    "diff": {
      "version": "4.0.1",
      "resolved": "https://artifactory-cwfr1.rd.francetelecom.fr:443/artifactory/api/npm/npm-virt-orange-project-devops/diff/-/diff-4.0.1.tgz",
      "integrity": "sha1-DGZ8tGfru1zqfxTxNcwtuneAqP8="
    },
    "dns-prefetch-control": {
      "version": "0.2.0",
      "resolved": "https://artifactory-cwfr1.rd.francetelecom.fr:443/artifactory/api/npm/npm-virt-orange-project-devops/dns-prefetch-control/-/dns-prefetch-control-0.2.0.tgz",
      "integrity": "sha1-c5iBYYQfPcyB9HaG1TmixwLIhiQ="
    },
    "dont-sniff-mimetype": {
      "version": "1.1.0",
      "resolved": "https://artifactory-cwfr1.rd.francetelecom.fr:443/artifactory/api/npm/npm-virt-orange-project-devops/dont-sniff-mimetype/-/dont-sniff-mimetype-1.1.0.tgz",
      "integrity": "sha1-x9BCf4vLCVdidRJSr1nRSLCmI7I="
    },
    "ee-first": {
      "version": "1.1.1",
      "resolved": "https://artifactory-cwfr1.rd.francetelecom.fr:443/artifactory/api/npm/npm-virt-orange-project-devops/ee-first/-/ee-first-1.1.1.tgz",
      "integrity": "sha1-WQxhFWsK4vTwJVcyoViyZrxWsh0="
    },
    "encodeurl": {
      "version": "1.0.2",
      "resolved": "https://artifactory-cwfr1.rd.francetelecom.fr:443/artifactory/api/npm/npm-virt-orange-project-devops/encodeurl/-/encodeurl-1.0.2.tgz",
      "integrity": "sha1-rT/0yG7C0CkyL1oCw6mmBslbP1k="
    },
    "escape-html": {
      "version": "1.0.3",
      "resolved": "https://artifactory-cwfr1.rd.francetelecom.fr:443/artifactory/api/npm/npm-virt-orange-project-devops/escape-html/-/escape-html-1.0.3.tgz",
      "integrity": "sha1-Aljq5NPQwJdN4cFpGI7wBR0dGYg="
    },
    "etag": {
      "version": "1.8.1",
      "resolved": "https://artifactory-cwfr1.rd.francetelecom.fr:443/artifactory/api/npm/npm-virt-orange-project-devops/etag/-/etag-1.8.1.tgz",
      "integrity": "sha1-Qa4u62XvpiJorr/qg6x9eSmbCIc="
    },
    "expect-ct": {
      "version": "0.2.0",
      "resolved": "https://artifactory-cwfr1.rd.francetelecom.fr:443/artifactory/api/npm/npm-virt-orange-project-devops/expect-ct/-/expect-ct-0.2.0.tgz",
      "integrity": "sha1-OlR0G27TTMepMwXGBfY80milSmI="
    },
    "express": {
      "version": "4.16.2",
      "resolved": "https://artifactory-cwfr1.rd.francetelecom.fr:443/artifactory/api/npm/npm-virt-orange-project-devops/express/-/express-4.16.2.tgz",
      "integrity": "sha1-41xt/i1kt9ygpc1PIXgb4ymeB2w=",
      "requires": {
        "accepts": "~1.3.4",
        "array-flatten": "1.1.1",
        "body-parser": "1.18.2",
        "content-disposition": "0.5.2",
        "content-type": "~1.0.4",
        "cookie": "0.3.1",
        "cookie-signature": "1.0.6",
        "debug": "2.6.9",
        "depd": "~1.1.1",
        "encodeurl": "~1.0.1",
        "escape-html": "~1.0.3",
        "etag": "~1.8.1",
        "finalhandler": "1.1.0",
        "fresh": "0.5.2",
        "merge-descriptors": "1.0.1",
        "methods": "~1.1.2",
        "on-finished": "~2.3.0",
        "parseurl": "~1.3.2",
        "path-to-regexp": "0.1.7",
        "proxy-addr": "~2.0.2",
        "qs": "6.5.1",
        "range-parser": "~1.2.0",
        "safe-buffer": "5.1.1",
        "send": "0.16.1",
        "serve-static": "1.13.1",
        "setprototypeof": "1.1.0",
        "statuses": "~1.3.1",
        "type-is": "~1.6.15",
        "utils-merge": "1.0.1",
        "vary": "~1.1.2"
      },
      "dependencies": {
        "body-parser": {
          "version": "1.18.2",
          "resolved": "https://artifactory-cwfr1.rd.francetelecom.fr:443/artifactory/api/npm/npm-virt-orange-project-devops/body-parser/-/body-parser-1.18.2.tgz",
          "integrity": "sha1-h2eKGdhLR9hZuDGZvVm84iKxBFQ=",
          "requires": {
            "bytes": "3.0.0",
            "content-type": "~1.0.4",
            "debug": "2.6.9",
            "depd": "~1.1.1",
            "http-errors": "~1.6.2",
            "iconv-lite": "0.4.19",
            "on-finished": "~2.3.0",
            "qs": "6.5.1",
            "raw-body": "2.3.2",
            "type-is": "~1.6.15"
          }
        },
        "bytes": {
          "version": "3.0.0",
          "resolved": "https://artifactory-cwfr1.rd.francetelecom.fr:443/artifactory/api/npm/npm-virt-orange-project-devops/bytes/-/bytes-3.0.0.tgz",
          "integrity": "sha1-0ygVQE1olpn4Wk6k+odV3ROpYEg="
        },
        "iconv-lite": {
          "version": "0.4.19",
          "resolved": "https://artifactory-cwfr1.rd.francetelecom.fr:443/artifactory/api/npm/npm-virt-orange-project-devops/iconv-lite/-/iconv-lite-0.4.19.tgz",
          "integrity": "sha1-90aPYBNfXl2tM5nAqBvpoWA6CCs="
        },
        "raw-body": {
          "version": "2.3.2",
          "resolved": "https://artifactory-cwfr1.rd.francetelecom.fr:443/artifactory/api/npm/npm-virt-orange-project-devops/raw-body/-/raw-body-2.3.2.tgz",
          "integrity": "sha1-vNYMd9Prk83gBQKVw/N5OJvIj4k=",
          "requires": {
            "bytes": "3.0.0",
            "http-errors": "1.6.2",
            "iconv-lite": "0.4.19",
            "unpipe": "1.0.0"
          },
          "dependencies": {
            "depd": {
              "version": "1.1.1",
              "resolved": "https://artifactory-cwfr1.rd.francetelecom.fr:443/artifactory/api/npm/npm-virt-orange-project-devops/depd/-/depd-1.1.1.tgz",
              "integrity": "sha1-V4O04cRZ8G+lyif5kfPQbnoxA1k="
            },
            "http-errors": {
              "version": "1.6.2",
              "resolved": "https://artifactory-cwfr1.rd.francetelecom.fr:443/artifactory/api/npm/npm-virt-orange-project-devops/http-errors/-/http-errors-1.6.2.tgz",
              "integrity": "sha1-CgAsyFcHGSp+eUbO7cERVfYOxzY=",
              "requires": {
                "depd": "1.1.1",
                "inherits": "2.0.3",
                "setprototypeof": "1.0.3",
                "statuses": ">= 1.3.1 < 2"
              }
            },
            "setprototypeof": {
              "version": "1.0.3",
              "resolved": "https://artifactory-cwfr1.rd.francetelecom.fr:443/artifactory/api/npm/npm-virt-orange-project-devops/setprototypeof/-/setprototypeof-1.0.3.tgz",
              "integrity": "sha1-ZlZ+NwQ+608E2RvWWMDL77VbjgQ="
            }
          }
        }
      }
    },
    "feature-policy": {
      "version": "0.3.0",
      "resolved": "https://artifactory-cwfr1.rd.francetelecom.fr:443/artifactory/api/npm/npm-virt-orange-project-devops/feature-policy/-/feature-policy-0.3.0.tgz",
      "integrity": "sha1-dDDo5UpA2gEVbKMKrsGjgc5TYGk="
    },
    "finalhandler": {
      "version": "1.1.0",
      "resolved": "https://artifactory-cwfr1.rd.francetelecom.fr:443/artifactory/api/npm/npm-virt-orange-project-devops/finalhandler/-/finalhandler-1.1.0.tgz",
      "integrity": "sha1-zgtoVbRYU+eRsvzGgARtiCU91/U=",
      "requires": {
        "debug": "2.6.9",
        "encodeurl": "~1.0.1",
        "escape-html": "~1.0.3",
        "on-finished": "~2.3.0",
        "parseurl": "~1.3.2",
        "statuses": "~1.3.1",
        "unpipe": "~1.0.0"
      }
    },
    "forwarded": {
      "version": "0.1.2",
      "resolved": "https://artifactory-cwfr1.rd.francetelecom.fr:443/artifactory/api/npm/npm-virt-orange-project-devops/forwarded/-/forwarded-0.1.2.tgz",
      "integrity": "sha1-mMI9qxF1ZXuMBXPozszZGw/xjIQ="
    },
    "frameguard": {
      "version": "3.1.0",
      "resolved": "https://artifactory-cwfr1.rd.francetelecom.fr:443/artifactory/api/npm/npm-virt-orange-project-devops/frameguard/-/frameguard-3.1.0.tgz",
      "integrity": "sha1-vRRCzKHWfcNGpnUVWbbQRQIQOiI="
    },
    "fresh": {
      "version": "0.5.2",
      "resolved": "https://artifactory-cwfr1.rd.francetelecom.fr:443/artifactory/api/npm/npm-virt-orange-project-devops/fresh/-/fresh-0.5.2.tgz",
      "integrity": "sha1-PYyt2Q2XZWn6g1qx+OSyOhBWBac="
    },
    "function-bind": {
      "version": "1.1.1",
      "resolved": "https://registry.npmjs.org/function-bind/-/function-bind-1.1.1.tgz",
      "integrity": "sha512-yIovAzMX49sF8Yl58fSCWJ5svSLuaibPxXQJFLmBObTuCr0Mf1KiPopGM9NiFjiYBCbfaa2Fh6breQ6ANVTI0A=="
    },
    "get-intrinsic": {
      "version": "1.0.2",
      "resolved": "https://registry.npmjs.org/get-intrinsic/-/get-intrinsic-1.0.2.tgz",
      "integrity": "sha512-aeX0vrFm21ILl3+JpFFRNe9aUvp6VFZb2/CTbgLb8j75kOhvoNYjt9d8KA/tJG4gSo8nzEDedRl0h7vDmBYRVg==",
      "requires": {
        "function-bind": "^1.1.1",
        "has": "^1.0.3",
        "has-symbols": "^1.0.1"
      }
    },
    "has": {
      "version": "1.0.3",
      "resolved": "https://registry.npmjs.org/has/-/has-1.0.3.tgz",
      "integrity": "sha512-f2dvO0VU6Oej7RkWJGrehjbzMAjFp5/VKPp5tTpWIV4JHHZK1/BxbFRtf/siA2SWTe09caDmVtYYzWEIbBS4zw==",
      "requires": {
        "function-bind": "^1.1.1"
      }
    },
    "has-symbols": {
      "version": "1.0.1",
      "resolved": "https://registry.npmjs.org/has-symbols/-/has-symbols-1.0.1.tgz",
      "integrity": "sha512-PLcsoqu++dmEIZB+6totNFKq/7Do+Z0u4oT0zKOJNl3lYK6vGwwu2hjHs+68OEZbTjiUE9bgOABXbP/GvrS0Kg=="
    },
    "helmet": {
      "version": "3.20.1",
      "resolved": "https://artifactory-cwfr1.rd.francetelecom.fr:443/artifactory/api/npm/npm-virt-orange-project-devops/helmet/-/helmet-3.20.1.tgz",
      "integrity": "sha1-gC/LOaxoZSCMvGh501AuWCxvd34=",
      "requires": {
        "depd": "2.0.0",
        "dns-prefetch-control": "0.2.0",
        "dont-sniff-mimetype": "1.1.0",
        "expect-ct": "0.2.0",
        "feature-policy": "0.3.0",
        "frameguard": "3.1.0",
        "helmet-crossdomain": "0.4.0",
        "helmet-csp": "2.9.0",
        "hide-powered-by": "1.1.0",
        "hpkp": "2.0.0",
        "hsts": "2.2.0",
        "ienoopen": "1.1.0",
        "nocache": "2.1.0",
        "referrer-policy": "1.2.0",
        "x-xss-protection": "1.2.0"
      },
      "dependencies": {
        "depd": {
          "version": "2.0.0",
          "resolved": "https://artifactory-cwfr1.rd.francetelecom.fr:443/artifactory/api/npm/npm-virt-orange-project-devops/depd/-/depd-2.0.0.tgz",
          "integrity": "sha1-tpYWPMdXVg0JzyLMj60Vcbeedt8="
        }
      }
    },
    "helmet-crossdomain": {
      "version": "0.4.0",
      "resolved": "https://artifactory-cwfr1.rd.francetelecom.fr:443/artifactory/api/npm/npm-virt-orange-project-devops/helmet-crossdomain/-/helmet-crossdomain-0.4.0.tgz",
      "integrity": "sha1-Xx/lqDbQMl8doKeOql/YQpB4iU4="
    },
    "helmet-csp": {
      "version": "2.9.0",
      "resolved": "https://artifactory-cwfr1.rd.francetelecom.fr:443/artifactory/api/npm/npm-virt-orange-project-devops/helmet-csp/-/helmet-csp-2.9.0.tgz",
      "integrity": "sha1-hSSIawjH99YRy1826uRT3WBO/Uw=",
      "requires": {
        "bowser": "2.5.3",
        "camelize": "1.0.0",
        "content-security-policy-builder": "2.1.0",
        "dasherize": "2.0.0"
      }
    },
    "hide-powered-by": {
      "version": "1.1.0",
      "resolved": "https://artifactory-cwfr1.rd.francetelecom.fr:443/artifactory/api/npm/npm-virt-orange-project-devops/hide-powered-by/-/hide-powered-by-1.1.0.tgz",
      "integrity": "sha1-vj6pyrS9sW+HRL6HN1XKZjOD+no="
    },
    "hpkp": {
      "version": "2.0.0",
      "resolved": "https://artifactory-cwfr1.rd.francetelecom.fr:443/artifactory/api/npm/npm-virt-orange-project-devops/hpkp/-/hpkp-2.0.0.tgz",
      "integrity": "sha1-EOFCJk52IVpdMMROxD3mTe5tFnI="
    },
    "hsts": {
      "version": "2.2.0",
      "resolved": "https://artifactory-cwfr1.rd.francetelecom.fr:443/artifactory/api/npm/npm-virt-orange-project-devops/hsts/-/hsts-2.2.0.tgz",
      "integrity": "sha1-CRGdQveoWHA10CfdpFIjZv512WQ=",
      "requires": {
        "depd": "2.0.0"
      },
      "dependencies": {
        "depd": {
          "version": "2.0.0",
          "resolved": "https://artifactory-cwfr1.rd.francetelecom.fr:443/artifactory/api/npm/npm-virt-orange-project-devops/depd/-/depd-2.0.0.tgz",
          "integrity": "sha1-tpYWPMdXVg0JzyLMj60Vcbeedt8="
        }
      }
    },
    "http-errors": {
      "version": "1.6.3",
      "resolved": "https://artifactory-cwfr1.rd.francetelecom.fr:443/artifactory/api/npm/npm-virt-orange-project-devops/http-errors/-/http-errors-1.6.3.tgz",
      "integrity": "sha1-i1VoC7S+KDoLW/TqLjhYC+HZMg0=",
      "requires": {
        "depd": "~1.1.2",
        "inherits": "2.0.3",
        "setprototypeof": "1.1.0",
        "statuses": ">= 1.4.0 < 2"
      },
      "dependencies": {
        "statuses": {
          "version": "1.5.0",
          "resolved": "https://artifactory-cwfr1.rd.francetelecom.fr:443/artifactory/api/npm/npm-virt-orange-project-devops/statuses/-/statuses-1.5.0.tgz",
          "integrity": "sha1-Fhx9rBd2Wf2YEfQ3cfqZOBR4Yow="
        }
      }
    },
    "http-status-codes": {
      "version": "1.3.2",
      "resolved": "https://artifactory-cwfr1.rd.francetelecom.fr:443/artifactory/api/npm/npm-virt-orange-project-devops/http-status-codes/-/http-status-codes-1.3.2.tgz",
      "integrity": "sha1-GB36RFXvRU5eTYJ3GPyjk2aA0Q0="
    },
    "iconv-lite": {
      "version": "0.4.24",
      "resolved": "https://artifactory-cwfr1.rd.francetelecom.fr:443/artifactory/api/npm/npm-virt-orange-project-devops/iconv-lite/-/iconv-lite-0.4.24.tgz",
      "integrity": "sha1-ICK0sl+93CHS9SSXSkdKr+czkIs=",
      "requires": {
        "safer-buffer": ">= 2.1.2 < 3"
      }
    },
    "ienoopen": {
      "version": "1.1.0",
      "resolved": "https://artifactory-cwfr1.rd.francetelecom.fr:443/artifactory/api/npm/npm-virt-orange-project-devops/ienoopen/-/ienoopen-1.1.0.tgz",
      "integrity": "sha1-QR5dUwyYIofb3DuzHnqcnjJjCXQ="
    },
    "inherits": {
      "version": "2.0.3",
      "resolved": "https://artifactory-cwfr1.rd.francetelecom.fr:443/artifactory/api/npm/npm-virt-orange-project-devops/inherits/-/inherits-2.0.3.tgz",
      "integrity": "sha1-Yzwsg+PaQqUC9SRmAiSA9CCCYd4="
    },
    "inversify": {
      "version": "5.0.1",
      "resolved": "https://artifactory-cwfr1.rd.francetelecom.fr:443/artifactory/api/npm/npm-virt-orange-project-devops/inversify/-/inversify-5.0.1.tgz",
      "integrity": "sha1-UA1wmxQ0iWzloNWJFcSkIQ40+24="
    },
    "inversify-express-utils": {
      "version": "6.3.2",
      "resolved": "https://artifactory-cwfr1.rd.francetelecom.fr:443/artifactory/api/npm/npm-virt-orange-project-devops/inversify-express-utils/-/inversify-express-utils-6.3.2.tgz",
      "integrity": "sha1-dVbO7iooZgkJzHkUYLYRvbGtbJE=",
      "requires": {
        "express": "4.16.2",
        "http-status-codes": "^1.3.0"
      }
    },
    "ipaddr.js": {
      "version": "1.9.0",
      "resolved": "https://artifactory-cwfr1.rd.francetelecom.fr:443/artifactory/api/npm/npm-virt-orange-project-devops/ipaddr.js/-/ipaddr.js-1.9.0.tgz",
      "integrity": "sha1-N9905DCg5HVQ/lSi3v4w2KzZX2U="
    },
    "is-nan": {
      "version": "1.3.2",
      "resolved": "https://registry.npmjs.org/is-nan/-/is-nan-1.3.2.tgz",
      "integrity": "sha512-E+zBKpQ2t6MEo1VsonYmluk9NxGrbzpeeLC2xIViuO2EjU2xsXsBPwTr3Ykv9l08UYEVEdWeRZNouaZqF6RN0w==",
      "requires": {
        "call-bind": "^1.0.0",
        "define-properties": "^1.1.3"
      }
    },
    "long-timeout": {
      "version": "0.1.1",
      "resolved": "https://registry.npmjs.org/long-timeout/-/long-timeout-0.1.1.tgz",
      "integrity": "sha1-lyHXiLR+C8taJMLivuGg2lXatRQ="
    },
    "make-error": {
      "version": "1.3.5",
      "resolved": "https://artifactory-cwfr1.rd.francetelecom.fr:443/artifactory/api/npm/npm-virt-orange-project-devops/make-error/-/make-error-1.3.5.tgz",
      "integrity": "sha1-7+ToH22yjK3WBccPKcgxtY73dsg="
    },
    "media-typer": {
      "version": "0.3.0",
      "resolved": "https://artifactory-cwfr1.rd.francetelecom.fr:443/artifactory/api/npm/npm-virt-orange-project-devops/media-typer/-/media-typer-0.3.0.tgz",
      "integrity": "sha1-hxDXrwqmJvj/+hzgAWhUUmMlV0g="
    },
    "merge-descriptors": {
      "version": "1.0.1",
      "resolved": "https://artifactory-cwfr1.rd.francetelecom.fr:443/artifactory/api/npm/npm-virt-orange-project-devops/merge-descriptors/-/merge-descriptors-1.0.1.tgz",
      "integrity": "sha1-sAqqVW3YtEVoFQ7J0blT8/kMu2E="
    },
    "methods": {
      "version": "1.1.2",
      "resolved": "https://artifactory-cwfr1.rd.francetelecom.fr:443/artifactory/api/npm/npm-virt-orange-project-devops/methods/-/methods-1.1.2.tgz",
      "integrity": "sha1-VSmk1nZUE07cxSZmVoNbD4Ua/O4="
    },
    "mime": {
      "version": "1.4.1",
      "resolved": "https://artifactory-cwfr1.rd.francetelecom.fr:443/artifactory/api/npm/npm-virt-orange-project-devops/mime/-/mime-1.4.1.tgz",
      "integrity": "sha1-Eh+evEnjdm8xGnbh+hyAA8SwOqY="
    },
    "mime-db": {
      "version": "1.40.0",
      "resolved": "https://artifactory-cwfr1.rd.francetelecom.fr:443/artifactory/api/npm/npm-virt-orange-project-devops/mime-db/-/mime-db-1.40.0.tgz",
      "integrity": "sha1-plBX6ZjbCQ9zKmj2wnbTh9QSbDI="
    },
    "mime-types": {
      "version": "2.1.24",
      "resolved": "https://artifactory-cwfr1.rd.francetelecom.fr:443/artifactory/api/npm/npm-virt-orange-project-devops/mime-types/-/mime-types-2.1.24.tgz",
      "integrity": "sha1-tvjQs+lR77d97eyhlM/20W9nb4E=",
      "requires": {
        "mime-db": "1.40.0"
      }
    },
    "moment": {
      "version": "2.29.4",
      "resolved": "https://registry.npmjs.org/moment/-/moment-2.29.4.tgz",
      "integrity": "sha512-5LC9SOxjSc2HF6vO2CyuTDNivEdoz2IvyJJGj6X8DJ0eFyfszE0QiEd+iXmBvUP3WHxSjFH/vIsA0EN00cgr8w=="
    },
    "moment-timezone": {
      "version": "0.5.32",
      "resolved": "https://registry.npmjs.org/moment-timezone/-/moment-timezone-0.5.32.tgz",
      "integrity": "sha512-Z8QNyuQHQAmWucp8Knmgei8YNo28aLjJq6Ma+jy1ZSpSk5nyfRT8xgUbSQvD2+2UajISfenndwvFuH3NGS+nvA==",
      "requires": {
        "moment": ">= 2.9.0"
      }
    },
    "ms": {
      "version": "2.0.0",
      "resolved": "https://artifactory-cwfr1.rd.francetelecom.fr:443/artifactory/api/npm/npm-virt-orange-project-devops/ms/-/ms-2.0.0.tgz",
      "integrity": "sha1-VgiurfwAvmwpAd9fmGF4jeDVl8g="
    },
    "negotiator": {
      "version": "0.6.2",
      "resolved": "https://artifactory-cwfr1.rd.francetelecom.fr:443/artifactory/api/npm/npm-virt-orange-project-devops/negotiator/-/negotiator-0.6.2.tgz",
      "integrity": "sha1-/qz3zPUlp3rpY0Q2pkiD/+yjRvs="
    },
    "nocache": {
      "version": "2.1.0",
      "resolved": "https://artifactory-cwfr1.rd.francetelecom.fr:443/artifactory/api/npm/npm-virt-orange-project-devops/nocache/-/nocache-2.1.0.tgz",
      "integrity": "sha1-Egyf/sQ7Vymx1d6IzXGqdaC6SR8="
    },
    "node-schedule": {
      "version": "1.3.2",
      "resolved": "https://registry.npmjs.org/node-schedule/-/node-schedule-1.3.2.tgz",
      "integrity": "sha512-GIND2pHMHiReSZSvS6dpZcDH7pGPGFfWBIEud6S00Q8zEIzAs9ommdyRK1ZbQt8y1LyZsJYZgPnyi7gpU2lcdw==",
      "requires": {
        "cron-parser": "^2.7.3",
        "long-timeout": "0.1.1",
        "sorted-array-functions": "^1.0.0"
      }
    },
    "object-assign": {
      "version": "4.1.1",
      "resolved": "https://artifactory-cwfr1.rd.francetelecom.fr:443/artifactory/api/npm/npm-virt-orange-project-devops/object-assign/-/object-assign-4.1.1.tgz",
      "integrity": "sha1-IQmtx5ZYh8/AXLvUQsrIv7s2CGM="
    },
    "object-keys": {
      "version": "1.1.1",
      "resolved": "https://registry.npmjs.org/object-keys/-/object-keys-1.1.1.tgz",
      "integrity": "sha512-NuAESUOUMrlIXOfHKzD6bpPu3tYt3xvjNdRIQ+FeT0lNb4K8WR70CaDxhuNguS2XG+GjkyMwOzsN5ZktImfhLA=="
    },
    "on-finished": {
      "version": "2.3.0",
      "resolved": "https://artifactory-cwfr1.rd.francetelecom.fr:443/artifactory/api/npm/npm-virt-orange-project-devops/on-finished/-/on-finished-2.3.0.tgz",
      "integrity": "sha1-IPEzZIGwg811M3mSoWlxqi2QaUc=",
      "requires": {
        "ee-first": "1.1.1"
      }
    },
    "parseurl": {
      "version": "1.3.3",
      "resolved": "https://artifactory-cwfr1.rd.francetelecom.fr:443/artifactory/api/npm/npm-virt-orange-project-devops/parseurl/-/parseurl-1.3.3.tgz",
      "integrity": "sha1-naGee+6NEt/wUT7Vt2lXeTvC6NQ="
    },
    "path-to-regexp": {
      "version": "0.1.7",
      "resolved": "https://artifactory-cwfr1.rd.francetelecom.fr:443/artifactory/api/npm/npm-virt-orange-project-devops/path-to-regexp/-/path-to-regexp-0.1.7.tgz",
      "integrity": "sha1-32BBeABfUi8V60SQ5yR6G/qmf4w="
    },
    "proxy-addr": {
      "version": "2.0.5",
      "resolved": "https://artifactory-cwfr1.rd.francetelecom.fr:443/artifactory/api/npm/npm-virt-orange-project-devops/proxy-addr/-/proxy-addr-2.0.5.tgz",
      "integrity": "sha1-NMvWSi2B9LH9IedvnwbIpFKZ7jQ=",
      "requires": {
        "forwarded": "~0.1.2",
        "ipaddr.js": "1.9.0"
      }
    },
    "qs": {
      "version": "6.5.1",
      "resolved": "https://artifactory-cwfr1.rd.francetelecom.fr:443/artifactory/api/npm/npm-virt-orange-project-devops/qs/-/qs-6.5.1.tgz",
      "integrity": "sha1-NJzfbu+J7EXBLX1es/wMhwNDptg="
    },
    "range-parser": {
      "version": "1.2.1",
      "resolved": "https://artifactory-cwfr1.rd.francetelecom.fr:443/artifactory/api/npm/npm-virt-orange-project-devops/range-parser/-/range-parser-1.2.1.tgz",
      "integrity": "sha1-PPNwI9GZ4cJNGlW4SADC8+ZGgDE="
    },
    "raw-body": {
      "version": "2.4.0",
      "resolved": "https://artifactory-cwfr1.rd.francetelecom.fr:443/artifactory/api/npm/npm-virt-orange-project-devops/raw-body/-/raw-body-2.4.0.tgz",
      "integrity": "sha1-oc5vucm8NWylLoklarWQWeE9AzI=",
      "requires": {
        "bytes": "3.1.0",
        "http-errors": "1.7.2",
        "iconv-lite": "0.4.24",
        "unpipe": "1.0.0"
      },
      "dependencies": {
        "http-errors": {
          "version": "1.7.2",
          "resolved": "https://artifactory-cwfr1.rd.francetelecom.fr:443/artifactory/api/npm/npm-virt-orange-project-devops/http-errors/-/http-errors-1.7.2.tgz",
          "integrity": "sha1-T1ApzxMjnzEDblsuVSkrz7zIXI8=",
          "requires": {
            "depd": "~1.1.2",
            "inherits": "2.0.3",
            "setprototypeof": "1.1.1",
            "statuses": ">= 1.5.0 < 2",
            "toidentifier": "1.0.0"
          }
        },
        "setprototypeof": {
          "version": "1.1.1",
          "resolved": "https://artifactory-cwfr1.rd.francetelecom.fr:443/artifactory/api/npm/npm-virt-orange-project-devops/setprototypeof/-/setprototypeof-1.1.1.tgz",
          "integrity": "sha1-fpWsskqpL1iF4KvvW6ExMw1K5oM="
        },
        "statuses": {
          "version": "1.5.0",
          "resolved": "https://artifactory-cwfr1.rd.francetelecom.fr:443/artifactory/api/npm/npm-virt-orange-project-devops/statuses/-/statuses-1.5.0.tgz",
          "integrity": "sha1-Fhx9rBd2Wf2YEfQ3cfqZOBR4Yow="
        }
      }
    },
    "referrer-policy": {
      "version": "1.2.0",
      "resolved": "https://artifactory-cwfr1.rd.francetelecom.fr:443/artifactory/api/npm/npm-virt-orange-project-devops/referrer-policy/-/referrer-policy-1.2.0.tgz",
      "integrity": "sha1-uZz7i1cJDcRUiV74l6TMNe9nqY4="
    },
    "reflect-metadata": {
      "version": "0.1.13",
      "resolved": "https://artifactory-cwfr1.rd.francetelecom.fr:443/artifactory/api/npm/npm-virt-orange-project-devops/reflect-metadata/-/reflect-metadata-0.1.13.tgz",
      "integrity": "sha1-Z648pXyXKiqhZCsQ/jY/4y1J3Ag="
    },
    "safe-buffer": {
      "version": "5.1.1",
      "resolved": "https://artifactory-cwfr1.rd.francetelecom.fr:443/artifactory/api/npm/npm-virt-orange-project-devops/safe-buffer/-/safe-buffer-5.1.1.tgz",
      "integrity": "sha1-iTMSr2myEj3vcfV4iQAWce6yyFM="
    },
    "safer-buffer": {
      "version": "2.1.2",
      "resolved": "https://artifactory-cwfr1.rd.francetelecom.fr:443/artifactory/api/npm/npm-virt-orange-project-devops/safer-buffer/-/safer-buffer-2.1.2.tgz",
      "integrity": "sha1-RPoWGwGHuVSd2Eu5GAL5vYOFzWo="
    },
    "send": {
      "version": "0.16.1",
      "resolved": "https://artifactory-cwfr1.rd.francetelecom.fr:443/artifactory/api/npm/npm-virt-orange-project-devops/send/-/send-0.16.1.tgz",
      "integrity": "sha1-pw4coh0TgsEdDZ9iMd6ygQgNerM=",
      "requires": {
        "debug": "2.6.9",
        "depd": "~1.1.1",
        "destroy": "~1.0.4",
        "encodeurl": "~1.0.1",
        "escape-html": "~1.0.3",
        "etag": "~1.8.1",
        "fresh": "0.5.2",
        "http-errors": "~1.6.2",
        "mime": "1.4.1",
        "ms": "2.0.0",
        "on-finished": "~2.3.0",
        "range-parser": "~1.2.0",
        "statuses": "~1.3.1"
      }
    },
    "serve-static": {
      "version": "1.13.1",
      "resolved": "https://artifactory-cwfr1.rd.francetelecom.fr:443/artifactory/api/npm/npm-virt-orange-project-devops/serve-static/-/serve-static-1.13.1.tgz",
      "integrity": "sha1-TFfVNASnYdjy58HooYpH2/J4pxk=",
      "requires": {
        "encodeurl": "~1.0.1",
        "escape-html": "~1.0.3",
        "parseurl": "~1.3.2",
        "send": "0.16.1"
      }
    },
    "setprototypeof": {
      "version": "1.1.0",
      "resolved": "https://artifactory-cwfr1.rd.francetelecom.fr:443/artifactory/api/npm/npm-virt-orange-project-devops/setprototypeof/-/setprototypeof-1.1.0.tgz",
      "integrity": "sha1-0L2FU2iHtv58DYGMuWLZ2RxU5lY="
    },
    "sorted-array-functions": {
      "version": "1.3.0",
      "resolved": "https://registry.npmjs.org/sorted-array-functions/-/sorted-array-functions-1.3.0.tgz",
      "integrity": "sha512-2sqgzeFlid6N4Z2fUQ1cvFmTOLRi/sEDzSQ0OKYchqgoPmQBVyM3959qYx3fpS6Esef80KjmpgPeEr028dP3OA=="
    },
    "source-map": {
      "version": "0.6.1",
      "resolved": "https://artifactory-cwfr1.rd.francetelecom.fr:443/artifactory/api/npm/npm-virt-orange-project-devops/source-map/-/source-map-0.6.1.tgz",
      "integrity": "sha1-dHIq8y6WFOnCh6jQu95IteLxomM="
    },
    "source-map-support": {
      "version": "0.5.13",
      "resolved": "https://artifactory-cwfr1.rd.francetelecom.fr:443/artifactory/api/npm/npm-virt-orange-project-devops/source-map-support/-/source-map-support-0.5.13.tgz",
      "integrity": "sha1-MbJKnC5zwt6FBmwP631Edn7VKTI=",
      "requires": {
        "buffer-from": "^1.0.0",
        "source-map": "^0.6.0"
      }
    },
    "statuses": {
      "version": "1.3.1",
      "resolved": "https://artifactory-cwfr1.rd.francetelecom.fr:443/artifactory/api/npm/npm-virt-orange-project-devops/statuses/-/statuses-1.3.1.tgz",
      "integrity": "sha1-+vUbnrdKrvOzrPStX2Gr8ky3uT4="
    },
    "toidentifier": {
      "version": "1.0.0",
      "resolved": "https://artifactory-cwfr1.rd.francetelecom.fr:443/artifactory/api/npm/npm-virt-orange-project-devops/toidentifier/-/toidentifier-1.0.0.tgz",
      "integrity": "sha1-fhvjRw8ed5SLxD2Uo8j013UrpVM="
    },
    "ts-node": {
      "version": "8.3.0",
      "resolved": "https://artifactory-cwfr1.rd.francetelecom.fr:443/artifactory/api/npm/npm-virt-orange-project-devops/ts-node/-/ts-node-8.3.0.tgz",
      "integrity": "sha1-5AWWGEETcZJKH7XzsSWRXzJO+1c=",
      "requires": {
        "arg": "^4.1.0",
        "diff": "^4.0.1",
        "make-error": "^1.1.1",
        "source-map-support": "^0.5.6",
        "yn": "^3.0.0"
      }
    },
    "tslog": {
      "version": "3.0.3",
      "resolved": "https://registry.npmjs.org/tslog/-/tslog-3.0.3.tgz",
      "integrity": "sha512-7T4f/Z8ADOLpPfbFivAtyCDyTtLjJdD2HTnCBjOX9fsDAOK0Gn10DCa5Y5Y/d1gnWc5mNuzYpKk5mND7S0Vq8Q==",
      "requires": {
        "source-map-support": "^0.5.19"
      },
      "dependencies": {
        "source-map-support": {
          "version": "0.5.19",
          "resolved": "https://registry.npmjs.org/source-map-support/-/source-map-support-0.5.19.tgz",
          "integrity": "sha512-Wonm7zOCIJzBGQdB+thsPar0kYuCIzYvxZwlBa87yi/Mdjv7Tip2cyVbLj5o0cFPN4EVkuTwb3GDDyUx2DGnGw==",
          "requires": {
            "buffer-from": "^1.0.0",
            "source-map": "^0.6.0"
          }
        }
      }
    },
    "type-is": {
      "version": "1.6.18",
      "resolved": "https://artifactory-cwfr1.rd.francetelecom.fr:443/artifactory/api/npm/npm-virt-orange-project-devops/type-is/-/type-is-1.6.18.tgz",
      "integrity": "sha1-TlUs0F3wlGfcvE73Od6J8s83wTE=",
      "requires": {
        "media-typer": "0.3.0",
        "mime-types": "~2.1.24"
      }
    },
    "typescript": {
      "version": "3.6.2",
      "resolved": "https://artifactory-cwfr1.rd.francetelecom.fr:443/artifactory/api/npm/npm-virt-orange-project-devops/typescript/-/typescript-3.6.2.tgz",
      "integrity": "sha1-EFsPGTQRnd5UOsjrca86kQCe/lQ="
    },
    "unpipe": {
      "version": "1.0.0",
      "resolved": "https://artifactory-cwfr1.rd.francetelecom.fr:443/artifactory/api/npm/npm-virt-orange-project-devops/unpipe/-/unpipe-1.0.0.tgz",
      "integrity": "sha1-sr9O6FFKrmFltIF4KdIbLvSZBOw="
    },
    "utils-merge": {
      "version": "1.0.1",
      "resolved": "https://artifactory-cwfr1.rd.francetelecom.fr:443/artifactory/api/npm/npm-virt-orange-project-devops/utils-merge/-/utils-merge-1.0.1.tgz",
      "integrity": "sha1-n5VxD1CiZ5R7LMwSR0HBAoQn5xM="
    },
    "vary": {
      "version": "1.1.2",
      "resolved": "https://artifactory-cwfr1.rd.francetelecom.fr:443/artifactory/api/npm/npm-virt-orange-project-devops/vary/-/vary-1.1.2.tgz",
      "integrity": "sha1-IpnwLG3tMNSllhsLn3RSShj2NPw="
    },
    "x-xss-protection": {
      "version": "1.2.0",
      "resolved": "https://artifactory-cwfr1.rd.francetelecom.fr:443/artifactory/api/npm/npm-virt-orange-project-devops/x-xss-protection/-/x-xss-protection-1.2.0.tgz",
      "integrity": "sha1-MXBJj/jn6BWfSJayf6TUgQwv9IY="
    },
    "yn": {
      "version": "3.1.1",
      "resolved": "https://artifactory-cwfr1.rd.francetelecom.fr:443/artifactory/api/npm/npm-virt-orange-project-devops/yn/-/yn-3.1.1.tgz",
      "integrity": "sha1-HodAGgnXZ8HV6rJqbkwYUYLS61A="
    }
  }
}
